// !$*UTF8*$!
{
	archiveVersion = 1;
	classes = {
	};
	objectVersion = 46;
	objects = {

/* Begin PBXBuildFile section */
		5F111EB51C5D8843004BAB33 /* AppDelegate.swift in Sources */ = {isa = PBXBuildFile; fileRef = 5F111EB41C5D8843004BAB33 /* AppDelegate.swift */; };
		5F111EB71C5D8843004BAB33 /* RecordSoundsViewController.swift in Sources */ = {isa = PBXBuildFile; fileRef = 5F111EB61C5D8843004BAB33 /* RecordSoundsViewController.swift */; };
		5F111EBA1C5D8843004BAB33 /* Main.storyboard in Resources */ = {isa = PBXBuildFile; fileRef = 5F111EB81C5D8843004BAB33 /* Main.storyboard */; };
		5F111EBC1C5D8843004BAB33 /* Assets.xcassets in Resources */ = {isa = PBXBuildFile; fileRef = 5F111EBB1C5D8843004BAB33 /* Assets.xcassets */; };
		5F111EBF1C5D8843004BAB33 /* LaunchScreen.storyboard in Resources */ = {isa = PBXBuildFile; fileRef = 5F111EBD1C5D8843004BAB33 /* LaunchScreen.storyboard */; };
		5F111ECA1C5D8843004BAB33 /* Pitch_PerfectTests.swift in Sources */ = {isa = PBXBuildFile; fileRef = 5F111EC91C5D8843004BAB33 /* Pitch_PerfectTests.swift */; };
		5F111ED51C5D8843004BAB33 /* Pitch_PerfectUITests.swift in Sources */ = {isa = PBXBuildFile; fileRef = 5F111ED41C5D8843004BAB33 /* Pitch_PerfectUITests.swift */; };
		5F503AEA1C601CE500172D76 /* RecordedAudio.swift in Sources */ = {isa = PBXBuildFile; fileRef = 5F503AE91C601CE500172D76 /* RecordedAudio.swift */; };
		5FF1B7D61C5EBB96005AFD05 /* PlaySoundsViewController.swift in Sources */ = {isa = PBXBuildFile; fileRef = 5FF1B7D51C5EBB96005AFD05 /* PlaySoundsViewController.swift */; };
		5FF1B7DA1C5EC7A8005AFD05 /* movie_quote.mp3 in Resources */ = {isa = PBXBuildFile; fileRef = 5FF1B7D91C5EC7A8005AFD05 /* movie_quote.mp3 */; };
/* End PBXBuildFile section */

/* Begin PBXContainerItemProxy section */
		5F111EC61C5D8843004BAB33 /* PBXContainerItemProxy */ = {
			isa = PBXContainerItemProxy;
			containerPortal = 5F111EA91C5D8842004BAB33 /* Project object */;
			proxyType = 1;
			remoteGlobalIDString = 5F111EB01C5D8842004BAB33;
			remoteInfo = "Pitch Perfect";
		};
		5F111ED11C5D8843004BAB33 /* PBXContainerItemProxy */ = {
			isa = PBXContainerItemProxy;
			containerPortal = 5F111EA91C5D8842004BAB33 /* Project object */;
			proxyType = 1;
			remoteGlobalIDString = 5F111EB01C5D8842004BAB33;
			remoteInfo = "Pitch Perfect";
		};
/* End PBXContainerItemProxy section */

/* Begin PBXFileReference section */
		5F111EB11C5D8843004BAB33 /* Pitch Perfect.app */ = {isa = PBXFileReference; explicitFileType = wrapper.application; includeInIndex = 0; path = "Pitch Perfect.app"; sourceTree = BUILT_PRODUCTS_DIR; };
		5F111EB41C5D8843004BAB33 /* AppDelegate.swift */ = {isa = PBXFileReference; lastKnownFileType = sourcecode.swift; path = AppDelegate.swift; sourceTree = "<group>"; };
		5F111EB61C5D8843004BAB33 /* RecordSoundsViewController.swift */ = {isa = PBXFileReference; lastKnownFileType = sourcecode.swift; path = RecordSoundsViewController.swift; sourceTree = "<group>"; };
		5F111EB91C5D8843004BAB33 /* Base */ = {isa = PBXFileReference; lastKnownFileType = file.storyboard; name = Base; path = Base.lproj/Main.storyboard; sourceTree = "<group>"; };
		5F111EBB1C5D8843004BAB33 /* Assets.xcassets */ = {isa = PBXFileReference; lastKnownFileType = folder.assetcatalog; path = Assets.xcassets; sourceTree = "<group>"; };
		5F111EBE1C5D8843004BAB33 /* Base */ = {isa = PBXFileReference; lastKnownFileType = file.storyboard; name = Base; path = Base.lproj/LaunchScreen.storyboard; sourceTree = "<group>"; };
		5F111EC01C5D8843004BAB33 /* Info.plist */ = {isa = PBXFileReference; lastKnownFileType = text.plist.xml; path = Info.plist; sourceTree = "<group>"; };
		5F111EC51C5D8843004BAB33 /* Pitch PerfectTests.xctest */ = {isa = PBXFileReference; explicitFileType = wrapper.cfbundle; includeInIndex = 0; path = "Pitch PerfectTests.xctest"; sourceTree = BUILT_PRODUCTS_DIR; };
		5F111EC91C5D8843004BAB33 /* Pitch_PerfectTests.swift */ = {isa = PBXFileReference; lastKnownFileType = sourcecode.swift; path = Pitch_PerfectTests.swift; sourceTree = "<group>"; };
		5F111ECB1C5D8843004BAB33 /* Info.plist */ = {isa = PBXFileReference; lastKnownFileType = text.plist.xml; path = Info.plist; sourceTree = "<group>"; };
		5F111ED01C5D8843004BAB33 /* Pitch PerfectUITests.xctest */ = {isa = PBXFileReference; explicitFileType = wrapper.cfbundle; includeInIndex = 0; path = "Pitch PerfectUITests.xctest"; sourceTree = BUILT_PRODUCTS_DIR; };
		5F111ED41C5D8843004BAB33 /* Pitch_PerfectUITests.swift */ = {isa = PBXFileReference; lastKnownFileType = sourcecode.swift; path = Pitch_PerfectUITests.swift; sourceTree = "<group>"; };
		5F111ED61C5D8843004BAB33 /* Info.plist */ = {isa = PBXFileReference; lastKnownFileType = text.plist.xml; path = Info.plist; sourceTree = "<group>"; };
		5F503AE91C601CE500172D76 /* RecordedAudio.swift */ = {isa = PBXFileReference; fileEncoding = 4; lastKnownFileType = sourcecode.swift; path = RecordedAudio.swift; sourceTree = "<group>"; };
		5FF1B7D51C5EBB96005AFD05 /* PlaySoundsViewController.swift */ = {isa = PBXFileReference; fileEncoding = 4; lastKnownFileType = sourcecode.swift; path = PlaySoundsViewController.swift; sourceTree = "<group>"; };
		5FF1B7D91C5EC7A8005AFD05 /* movie_quote.mp3 */ = {isa = PBXFileReference; lastKnownFileType = audio.mp3; path = movie_quote.mp3; sourceTree = "<group>"; };
/* End PBXFileReference section */

/* Begin PBXFrameworksBuildPhase section */
		5F111EAE1C5D8842004BAB33 /* Frameworks */ = {
			isa = PBXFrameworksBuildPhase;
			buildActionMask = 2147483647;
			files = (
			);
			runOnlyForDeploymentPostprocessing = 0;
		};
		5F111EC21C5D8843004BAB33 /* Frameworks */ = {
			isa = PBXFrameworksBuildPhase;
			buildActionMask = 2147483647;
			files = (
			);
			runOnlyForDeploymentPostprocessing = 0;
		};
		5F111ECD1C5D8843004BAB33 /* Frameworks */ = {
			isa = PBXFrameworksBuildPhase;
			buildActionMask = 2147483647;
			files = (
			);
			runOnlyForDeploymentPostprocessing = 0;
		};
/* End PBXFrameworksBuildPhase section */

/* Begin PBXGroup section */
		5F111EA81C5D8842004BAB33 = {
			isa = PBXGroup;
			children = (
				5F111EB31C5D8843004BAB33 /* Pitch Perfect */,
				5F111EC81C5D8843004BAB33 /* Pitch PerfectTests */,
				5F111ED31C5D8843004BAB33 /* Pitch PerfectUITests */,
				5F111EB21C5D8843004BAB33 /* Products */,
			);
			sourceTree = "<group>";
		};
		5F111EB21C5D8843004BAB33 /* Products */ = {
			isa = PBXGroup;
			children = (
				5F111EB11C5D8843004BAB33 /* Pitch Perfect.app */,
				5F111EC51C5D8843004BAB33 /* Pitch PerfectTests.xctest */,
				5F111ED01C5D8843004BAB33 /* Pitch PerfectUITests.xctest */,
			);
			name = Products;
			sourceTree = "<group>";
		};
		5F111EB31C5D8843004BAB33 /* Pitch Perfect */ = {
			isa = PBXGroup;
			children = (
				5F111EB41C5D8843004BAB33 /* AppDelegate.swift */,
				5F111EB61C5D8843004BAB33 /* RecordSoundsViewController.swift */,
				5F503AE91C601CE500172D76 /* RecordedAudio.swift */,
				5F111EB81C5D8843004BAB33 /* Main.storyboard */,
				5FF1B7D51C5EBB96005AFD05 /* PlaySoundsViewController.swift */,
				5F111EBB1C5D8843004BAB33 /* Assets.xcassets */,
				5F111EBD1C5D8843004BAB33 /* LaunchScreen.storyboard */,
				5F111EC01C5D8843004BAB33 /* Info.plist */,
				5FF1B7DB1C5ED807005AFD05 /* Resources */,
			);
			path = "Pitch Perfect";
			sourceTree = "<group>";
		};
		5F111EC81C5D8843004BAB33 /* Pitch PerfectTests */ = {
			isa = PBXGroup;
			children = (
				5F111EC91C5D8843004BAB33 /* Pitch_PerfectTests.swift */,
				5F111ECB1C5D8843004BAB33 /* Info.plist */,
			);
			path = "Pitch PerfectTests";
			sourceTree = "<group>";
		};
		5F111ED31C5D8843004BAB33 /* Pitch PerfectUITests */ = {
			isa = PBXGroup;
			children = (
				5F111ED41C5D8843004BAB33 /* Pitch_PerfectUITests.swift */,
				5F111ED61C5D8843004BAB33 /* Info.plist */,
			);
			path = "Pitch PerfectUITests";
			sourceTree = "<group>";
		};
		5FF1B7DB1C5ED807005AFD05 /* Resources */ = {
			isa = PBXGroup;
			children = (
				5FF1B7D91C5EC7A8005AFD05 /* movie_quote.mp3 */,
			);
			name = Resources;
			path = ..;
			sourceTree = "<group>";
		};
/* End PBXGroup section */

/* Begin PBXNativeTarget section */
		5F111EB01C5D8842004BAB33 /* Pitch Perfect */ = {
			isa = PBXNativeTarget;
			buildConfigurationList = 5F111ED91C5D8843004BAB33 /* Build configuration list for PBXNativeTarget "Pitch Perfect" */;
			buildPhases = (
				5F111EAD1C5D8842004BAB33 /* Sources */,
				5F111EAE1C5D8842004BAB33 /* Frameworks */,
				5F111EAF1C5D8842004BAB33 /* Resources */,
			);
			buildRules = (
			);
			dependencies = (
			);
			name = "Pitch Perfect";
			productName = "Pitch Perfect";
			productReference = 5F111EB11C5D8843004BAB33 /* Pitch Perfect.app */;
			productType = "com.apple.product-type.application";
		};
		5F111EC41C5D8843004BAB33 /* Pitch PerfectTests */ = {
			isa = PBXNativeTarget;
			buildConfigurationList = 5F111EDC1C5D8843004BAB33 /* Build configuration list for PBXNativeTarget "Pitch PerfectTests" */;
			buildPhases = (
				5F111EC11C5D8843004BAB33 /* Sources */,
				5F111EC21C5D8843004BAB33 /* Frameworks */,
				5F111EC31C5D8843004BAB33 /* Resources */,
			);
			buildRules = (
			);
			dependencies = (
				5F111EC71C5D8843004BAB33 /* PBXTargetDependency */,
			);
			name = "Pitch PerfectTests";
			productName = "Pitch PerfectTests";
			productReference = 5F111EC51C5D8843004BAB33 /* Pitch PerfectTests.xctest */;
			productType = "com.apple.product-type.bundle.unit-test";
		};
		5F111ECF1C5D8843004BAB33 /* Pitch PerfectUITests */ = {
			isa = PBXNativeTarget;
			buildConfigurationList = 5F111EDF1C5D8843004BAB33 /* Build configuration list for PBXNativeTarget "Pitch PerfectUITests" */;
			buildPhases = (
				5F111ECC1C5D8843004BAB33 /* Sources */,
				5F111ECD1C5D8843004BAB33 /* Frameworks */,
				5F111ECE1C5D8843004BAB33 /* Resources */,
			);
			buildRules = (
			);
			dependencies = (
				5F111ED21C5D8843004BAB33 /* PBXTargetDependency */,
			);
			name = "Pitch PerfectUITests";
			productName = "Pitch PerfectUITests";
			productReference = 5F111ED01C5D8843004BAB33 /* Pitch PerfectUITests.xctest */;
			productType = "com.apple.product-type.bundle.ui-testing";
		};
/* End PBXNativeTarget section */

/* Begin PBXProject section */
		5F111EA91C5D8842004BAB33 /* Project object */ = {
			isa = PBXProject;
			attributes = {
				LastSwiftUpdateCheck = 0720;
				LastUpgradeCheck = 0720;
				ORGANIZATIONNAME = "Uras Mutlu";
				TargetAttributes = {
					5F111EB01C5D8842004BAB33 = {
						CreatedOnToolsVersion = 7.2;
						DevelopmentTeam = P9GHM6MUPG;
					};
					5F111EC41C5D8843004BAB33 = {
						CreatedOnToolsVersion = 7.2;
						TestTargetID = 5F111EB01C5D8842004BAB33;
					};
					5F111ECF1C5D8843004BAB33 = {
						CreatedOnToolsVersion = 7.2;
						TestTargetID = 5F111EB01C5D8842004BAB33;
					};
				};
			};
			buildConfigurationList = 5F111EAC1C5D8842004BAB33 /* Build configuration list for PBXProject "Pitch Perfect" */;
			compatibilityVersion = "Xcode 3.2";
			developmentRegion = English;
			hasScannedForEncodings = 0;
			knownRegions = (
				en,
				Base,
			);
			mainGroup = 5F111EA81C5D8842004BAB33;
			productRefGroup = 5F111EB21C5D8843004BAB33 /* Products */;
			projectDirPath = "";
			projectRoot = "";
			targets = (
				5F111EB01C5D8842004BAB33 /* Pitch Perfect */,
				5F111EC41C5D8843004BAB33 /* Pitch PerfectTests */,
				5F111ECF1C5D8843004BAB33 /* Pitch PerfectUITests */,
			);
		};
/* End PBXProject section */

/* Begin PBXResourcesBuildPhase section */
		5F111EAF1C5D8842004BAB33 /* Resources */ = {
			isa = PBXResourcesBuildPhase;
			buildActionMask = 2147483647;
			files = (
				5F111EBF1C5D8843004BAB33 /* LaunchScreen.storyboard in Resources */,
				5F111EBC1C5D8843004BAB33 /* Assets.xcassets in Resources */,
				5FF1B7DA1C5EC7A8005AFD05 /* movie_quote.mp3 in Resources */,
				5F111EBA1C5D8843004BAB33 /* Main.storyboard in Resources */,
			);
			runOnlyForDeploymentPostprocessing = 0;
		};
		5F111EC31C5D8843004BAB33 /* Resources */ = {
			isa = PBXResourcesBuildPhase;
			buildActionMask = 2147483647;
			files = (
			);
			runOnlyForDeploymentPostprocessing = 0;
		};
		5F111ECE1C5D8843004BAB33 /* Resources */ = {
			isa = PBXResourcesBuildPhase;
			buildActionMask = 2147483647;
			files = (
			);
			runOnlyForDeploymentPostprocessing = 0;
		};
/* End PBXResourcesBuildPhase section */

/* Begin PBXSourcesBuildPhase section */
		5F111EAD1C5D8842004BAB33 /* Sources */ = {
			isa = PBXSourcesBuildPhase;
			buildActionMask = 2147483647;
			files = (
				5F503AEA1C601CE500172D76 /* RecordedAudio.swift in Sources */,
				5F111EB71C5D8843004BAB33 /* RecordSoundsViewController.swift in Sources */,
				5FF1B7D61C5EBB96005AFD05 /* PlaySoundsViewController.swift in Sources */,
				5F111EB51C5D8843004BAB33 /* AppDelegate.swift in Sources */,
			);
			runOnlyForDeploymentPostprocessing = 0;
		};
		5F111EC11C5D8843004BAB33 /* Sources */ = {
			isa = PBXSourcesBuildPhase;
			buildActionMask = 2147483647;
			files = (
				5F111ECA1C5D8843004BAB33 /* Pitch_PerfectTests.swift in Sources */,
			);
			runOnlyForDeploymentPostprocessing = 0;
		};
		5F111ECC1C5D8843004BAB33 /* Sources */ = {
			isa = PBXSourcesBuildPhase;
			buildActionMask = 2147483647;
			files = (
				5F111ED51C5D8843004BAB33 /* Pitch_PerfectUITests.swift in Sources */,
			);
			runOnlyForDeploymentPostprocessing = 0;
		};
/* End PBXSourcesBuildPhase section */

/* Begin PBXTargetDependency section */
		5F111EC71C5D8843004BAB33 /* PBXTargetDependency */ = {
			isa = PBXTargetDependency;
			target = 5F111EB01C5D8842004BAB33 /* Pitch Perfect */;
			targetProxy = 5F111EC61C5D8843004BAB33 /* PBXContainerItemProxy */;
		};
		5F111ED21C5D8843004BAB33 /* PBXTargetDependency */ = {
			isa = PBXTargetDependency;
			target = 5F111EB01C5D8842004BAB33 /* Pitch Perfect */;
			targetProxy = 5F111ED11C5D8843004BAB33 /* PBXContainerItemProxy */;
		};
/* End PBXTargetDependency section */

/* Begin PBXVariantGroup section */
		5F111EB81C5D8843004BAB33 /* Main.storyboard */ = {
			isa = PBXVariantGroup;
			children = (
				5F111EB91C5D8843004BAB33 /* Base */,
			);
			name = Main.storyboard;
			sourceTree = "<group>";
		};
		5F111EBD1C5D8843004BAB33 /* LaunchScreen.storyboard */ = {
			isa = PBXVariantGroup;
			children = (
				5F111EBE1C5D8843004BAB33 /* Base */,
			);
			name = LaunchScreen.storyboard;
			sourceTree = "<group>";
		};
/* End PBXVariantGroup section */

/* Begin XCBuildConfiguration section */
		5F111ED71C5D8843004BAB33 /* Debug */ = {
			isa = XCBuildConfiguration;
			buildSettings = {
				ALWAYS_SEARCH_USER_PATHS = NO;
				CLANG_CXX_LANGUAGE_STANDARD = "gnu++0x";
				CLANG_CXX_LIBRARY = "libc++";
				CLANG_ENABLE_MODULES = YES;
				CLANG_ENABLE_OBJC_ARC = YES;
				CLANG_WARN_BOOL_CONVERSION = YES;
				CLANG_WARN_CONSTANT_CONVERSION = YES;
				CLANG_WARN_DIRECT_OBJC_ISA_USAGE = YES_ERROR;
				CLANG_WARN_EMPTY_BODY = YES;
				CLANG_WARN_ENUM_CONVERSION = YES;
				CLANG_WARN_INT_CONVERSION = YES;
				CLANG_WARN_OBJC_ROOT_CLASS = YES_ERROR;
				CLANG_WARN_UNREACHABLE_CODE = YES;
				CLANG_WARN__DUPLICATE_METHOD_MATCH = YES;
				"CODE_SIGN_IDENTITY[sdk=iphoneos*]" = "iPhone Developer";
				COPY_PHASE_STRIP = NO;
				DEBUG_INFORMATION_FORMAT = dwarf;
				ENABLE_STRICT_OBJC_MSGSEND = YES;
				ENABLE_TESTABILITY = YES;
				GCC_C_LANGUAGE_STANDARD = gnu99;
				GCC_DYNAMIC_NO_PIC = NO;
				GCC_NO_COMMON_BLOCKS = YES;
				GCC_OPTIMIZATION_LEVEL = 0;
				GCC_PREPROCESSOR_DEFINITIONS = (
					"DEBUG=1",
					"$(inherited)",
				);
				GCC_WARN_64_TO_32_BIT_CONVERSION = YES;
				GCC_WARN_ABOUT_RETURN_TYPE = YES_ERROR;
				GCC_WARN_UNDECLARED_SELECTOR = YES;
				GCC_WARN_UNINITIALIZED_AUTOS = YES_AGGRESSIVE;
				GCC_WARN_UNUSED_FUNCTION = YES;
				GCC_WARN_UNUSED_VARIABLE = YES;
				IPHONEOS_DEPLOYMENT_TARGET = 9.2;
				MTL_ENABLE_DEBUG_INFO = YES;
				ONLY_ACTIVE_ARCH = YES;
				SDKROOT = iphoneos;
				SWIFT_OPTIMIZATION_LEVEL = "-Onone";
			};
			name = Debug;
		};
		5F111ED81C5D8843004BAB33 /* Release */ = {
			isa = XCBuildConfiguration;
			buildSettings = {
				ALWAYS_SEARCH_USER_PATHS = NO;
				CLANG_CXX_LANGUAGE_STANDARD = "gnu++0x";
				CLANG_CXX_LIBRARY = "libc++";
				CLANG_ENABLE_MODULES = YES;
				CLANG_ENABLE_OBJC_ARC = YES;
				CLANG_WARN_BOOL_CONVERSION = YES;
				CLANG_WARN_CONSTANT_CONVERSION = YES;
				CLANG_WARN_DIRECT_OBJC_ISA_USAGE = YES_ERROR;
				CLANG_WARN_EMPTY_BODY = YES;
				CLANG_WARN_ENUM_CONVERSION = YES;
				CLANG_WARN_INT_CONVERSION = YES;
				CLANG_WARN_OBJC_ROOT_CLASS = YES_ERROR;
				CLANG_WARN_UNREACHABLE_CODE = YES;
				CLANG_WARN__DUPLICATE_METHOD_MATCH = YES;
				"CODE_SIGN_IDENTITY[sdk=iphoneos*]" = "iPhone Developer";
				COPY_PHASE_STRIP = NO;
				DEBUG_INFORMATION_FORMAT = "dwarf-with-dsym";
				ENABLE_NS_ASSERTIONS = NO;
				ENABLE_STRICT_OBJC_MSGSEND = YES;
				GCC_C_LANGUAGE_STANDARD = gnu99;
				GCC_NO_COMMON_BLOCKS = YES;
				GCC_WARN_64_TO_32_BIT_CONVERSION = YES;
				GCC_WARN_ABOUT_RETURN_TYPE = YES_ERROR;
				GCC_WARN_UNDECLARED_SELECTOR = YES;
				GCC_WARN_UNINITIALIZED_AUTOS = YES_AGGRESSIVE;
				GCC_WARN_UNUSED_FUNCTION = YES;
				GCC_WARN_UNUSED_VARIABLE = YES;
				IPHONEOS_DEPLOYMENT_TARGET = 9.2;
				MTL_ENABLE_DEBUG_INFO = NO;
				SDKROOT = iphoneos;
				VALIDATE_PRODUCT = YES;
			};
			name = Release;
		};
		5F111EDA1C5D8843004BAB33 /* Debug */ = {
			isa = XCBuildConfiguration;
			buildSettings = {
				ASSETCATALOG_COMPILER_APPICON_NAME = AppIcon;
				CODE_SIGN_IDENTITY = "iPhone Developer";
				"CODE_SIGN_IDENTITY[sdk=iphoneos*]" = "iPhone Developer";
				INFOPLIST_FILE = "Pitch Perfect/Info.plist";
				LD_RUNPATH_SEARCH_PATHS = "$(inherited) @executable_path/Frameworks";
				PRODUCT_BUNDLE_IDENTIFIER = "urasmutlu.Pitch-Perfect";
				PRODUCT_NAME = "$(TARGET_NAME)";
				PROVISIONING_PROFILE = "";
			};
			name = Debug;
		};
		5F111EDB1C5D8843004BAB33 /* Release */ = {
			isa = XCBuildConfiguration;
			buildSettings = {
				ASSETCATALOG_COMPILER_APPICON_NAME = AppIcon;
				CODE_SIGN_IDENTITY = "iPhone Developer";
				"CODE_SIGN_IDENTITY[sdk=iphoneos*]" = "iPhone Developer";
				INFOPLIST_FILE = "Pitch Perfect/Info.plist";
				LD_RUNPATH_SEARCH_PATHS = "$(inherited) @executable_path/Frameworks";
				PRODUCT_BUNDLE_IDENTIFIER = "urasmutlu.Pitch-Perfect";
				PRODUCT_NAME = "$(TARGET_NAME)";
				PROVISIONING_PROFILE = "";
			};
			name = Release;
		};
		5F111EDD1C5D8843004BAB33 /* Debug */ = {
			isa = XCBuildConfiguration;
			buildSettings = {
				BUNDLE_LOADER = "$(TEST_HOST)";
				INFOPLIST_FILE = "Pitch PerfectTests/Info.plist";
				LD_RUNPATH_SEARCH_PATHS = "$(inherited) @executable_path/Frameworks @loader_path/Frameworks";
				PRODUCT_BUNDLE_IDENTIFIER = "urasmutlu.Pitch-PerfectTests";
				PRODUCT_NAME = "$(TARGET_NAME)";
				TEST_HOST = "$(BUILT_PRODUCTS_DIR)/Pitch Perfect.app/Pitch Perfect";
			};
			name = Debug;
		};
		5F111EDE1C5D8843004BAB33 /* Release */ = {
			isa = XCBuildConfiguration;
			buildSettings = {
				BUNDLE_LOADER = "$(TEST_HOST)";
				INFOPLIST_FILE = "Pitch PerfectTests/Info.plist";
				LD_RUNPATH_SEARCH_PATHS = "$(inherited) @executable_path/Frameworks @loader_path/Frameworks";
				PRODUCT_BUNDLE_IDENTIFIER = "urasmutlu.Pitch-PerfectTests";
				PRODUCT_NAME = "$(TARGET_NAME)";
				TEST_HOST = "$(BUILT_PRODUCTS_DIR)/Pitch Perfect.app/Pitch Perfect";
			};
			name = Release;
		};
		5F111EE01C5D8843004BAB33 /* Debug */ = {
			isa = XCBuildConfiguration;
			buildSettings = {
				INFOPLIST_FILE = "Pitch PerfectUITests/Info.plist";
				LD_RUNPATH_SEARCH_PATHS = "$(inherited) @executable_path/Frameworks @loader_path/Frameworks";
				PRODUCT_BUNDLE_IDENTIFIER = "urasmutlu.Pitch-PerfectUITests";
				PRODUCT_NAME = "$(TARGET_NAME)";
				TEST_TARGET_NAME = "Pitch Perfect";
				USES_XCTRUNNER = YES;
			};
			name = Debug;
		};
		5F111EE11C5D8843004BAB33 /* Release */ = {
			isa = XCBuildConfiguration;
			buildSettings = {
				INFOPLIST_FILE = "Pitch PerfectUITests/Info.plist";
				LD_RUNPATH_SEARCH_PATHS = "$(inherited) @executable_path/Frameworks @loader_path/Frameworks";
				PRODUCT_BUNDLE_IDENTIFIER = "urasmutlu.Pitch-PerfectUITests";
				PRODUCT_NAME = "$(TARGET_NAME)";
				TEST_TARGET_NAME = "Pitch Perfect";
				USES_XCTRUNNER = YES;
			};
			name = Release;
		};
/* End XCBuildConfiguration section */

/* Begin XCConfigurationList section */
		5F111EAC1C5D8842004BAB33 /* Build configuration list for PBXProject "Pitch Perfect" */ = {
			isa = XCConfigurationList;
			buildConfigurations = (
				5F111ED71C5D8843004BAB33 /* Debug */,
				5F111ED81C5D8843004BAB33 /* Release */,
			);
			defaultConfigurationIsVisible = 0;
			defaultConfigurationName = Release;
		};
		5F111ED91C5D8843004BAB33 /* Build configuration list for PBXNativeTarget "Pitch Perfect" */ = {
			isa = XCConfigurationList;
			buildConfigurations = (
				5F111EDA1C5D8843004BAB33 /* Debug */,
				5F111EDB1C5D8843004BAB33 /* Release */,
			);
			defaultConfigurationIsVisible = 0;
			defaultConfigurationName = Release;
		};
		5F111EDC1C5D8843004BAB33 /* Build configuration list for PBXNativeTarget "Pitch PerfectTests" */ = {
			isa = XCConfigurationList;
			buildConfigurations = (
				5F111EDD1C5D8843004BAB33 /* Debug */,
				5F111EDE1C5D8843004BAB33 /* Release */,
			);
			defaultConfigurationIsVisible = 0;
			defaultConfigurationName = Release;
		};
		5F111EDF1C5D8843004BAB33 /* Build configuration list for PBXNativeTarget "Pitch PerfectUITests" */ = {
			isa = XCConfigurationList;
			buildConfigurations = (
				5F111EE01C5D8843004BAB33 /* Debug */,
				5F111EE11C5D8843004BAB33 /* Release */,
			);
			defaultConfigurationIsVisible = 0;
			defaultConfigurationName = Release;
		};
/* End XCConfigurationList section */
	};
	rootObject = 5F111EA91C5D8842004BAB33 /* Project object */;
}
